
Microsoft Visual Studio Solution File, Format Version 11.00
# Visual Studio 2010
Project("{FAE04EC0-301F-11D3-BF4B-00C04F79EFBC}") = "UnityEngine.TestRunner", "UnityEngine.TestRunner.csproj", "{147cdcef-1e5a-faca-c56f-449a39348eb4}"
EndProject
Project("{FAE04EC0-301F-11D3-BF4B-00C04F79EFBC}") = "Unity.Mathematics", "Unity.Mathematics.csproj", "{8bdbb842-145e-3c8e-88fe-296d6c4fa6c0}"
EndProject
Project("{FAE04EC0-301F-11D3-BF4B-00C04F79EFBC}") = "Unity.2D.Animation.Triangle.Runtime", "Unity.2D.Animation.Triangle.Runtime.csproj", "{2ee8dd33-e683-714d-406b-a8543dddaf66}"
EndProject
Project("{FAE04EC0-301F-11D3-BF4B-00C04F79EFBC}") = "Unity.Timeline", "Unity.Timeline.csproj", "{48d92e0d-5250-9d39-e5f2-d959c63c375f}"
EndProject
Project("{FAE04EC0-301F-11D3-BF4B-00C04F79EFBC}") = "Unity.TextMeshPro", "Unity.TextMeshPro.csproj", "{f76b160f-4ecb-affc-b649-0a939c344adb}"
EndProject
Project("{FAE04EC0-301F-11D3-BF4B-00C04F79EFBC}") = "Unity.2D.Animation.Runtime", "Unity.2D.Animation.Runtime.csproj", "{f6831ef8-5046-710a-747a-fc3300d291e6}"
EndProject
Project("{FAE04EC0-301F-11D3-BF4B-00C04F79EFBC}") = "Unity.2D.IK.Runtime", "Unity.2D.IK.Runtime.csproj", "{2226eb16-9cbc-6d1d-09a4-0b4f6d0f4c83}"
EndProject
Project("{FAE04EC0-301F-11D3-BF4B-00C04F79EFBC}") = "Unity.2D.SpriteShape.Runtime", "Unity.2D.SpriteShape.Runtime.csproj", "{6dfa7dc6-903a-3650-544f-ab735b5a9b26}"
EndProject
Project("{FAE04EC0-301F-11D3-BF4B-00C04F79EFBC}") = "Unity.2D.PixelPerfect", "Unity.2D.PixelPerfect.csproj", "{7fd9239d-1318-ecc0-d7ea-01ff435644e0}"
EndProject
Project("{FAE04EC0-301F-11D3-BF4B-00C04F79EFBC}") = "Assembly-CSharp", "Assembly-CSharp.csproj", "{e201d026-2fb7-043d-6901-ef9ff801f60f}"
EndProject
Project("{FAE04EC0-301F-11D3-BF4B-00C04F79EFBC}") = "Unity.2D.Common.Runtime", "Unity.2D.Common.Runtime.csproj", "{f0dc82e2-5779-9bd8-bed0-4a11a11fd49e}"
EndProject
Project("{FAE04EC0-301F-11D3-BF4B-00C04F79EFBC}") = "Unity.InternalAPIEngineBridge.001", "Unity.InternalAPIEngineBridge.001.csproj", "{ab3a81eb-a7de-8cb9-912a-cd0aba7a472c}"
EndProject
Project("{FAE04EC0-301F-11D3-BF4B-00C04F79EFBC}") = "UnityEditor.TestRunner", "UnityEditor.TestRunner.csproj", "{16bfeb0d-1fb2-a446-c51a-36021ed49918}"
EndProject
Project("{FAE04EC0-301F-11D3-BF4B-00C04F79EFBC}") = "Unity.PlasticSCM.Editor", "Unity.PlasticSCM.Editor.csproj", "{7956f88e-4352-19d6-835e-691f582439e1}"
EndProject
Project("{FAE04EC0-301F-11D3-BF4B-00C04F79EFBC}") = "Unity.Timeline.Editor", "Unity.Timeline.Editor.csproj", "{5332283e-6d2f-1e0f-8b8e-33538a75c58a}"
EndProject
Project("{FAE04EC0-301F-11D3-BF4B-00C04F79EFBC}") = "Unity.VisualStudio.Editor", "Unity.VisualStudio.Editor.csproj", "{7826a315-2c53-bc5b-a6aa-f80b3b7910d9}"
EndProject
Project("{FAE04EC0-301F-11D3-BF4B-00C04F79EFBC}") = "Unity.2D.Psdimporter.Editor", "Unity.2D.Psdimporter.Editor.csproj", "{b420f9ef-116e-da66-7046-f6ac0e9c3c6d}"
EndProject
Project("{FAE04EC0-301F-11D3-BF4B-00C04F79EFBC}") = "Unity.2D.Animation.Editor", "Unity.2D.Animation.Editor.csproj", "{758728e9-6b6e-aa70-4583-cdefb7a18be5}"
EndProject
Project("{FAE04EC0-301F-11D3-BF4B-00C04F79EFBC}") = "Unity.TextMeshPro.Editor", "Unity.TextMeshPro.Editor.csproj", "{d4eb3295-70a7-deda-5215-731ae1d28b61}"
EndProject
Project("{FAE04EC0-301F-11D3-BF4B-00C04F79EFBC}") = "Unity.2D.SpriteShape.Editor", "Unity.2D.SpriteShape.Editor.csproj", "{24b88680-1728-4799-39da-f43ad4ccdd1a}"
EndProject
Project("{FAE04EC0-301F-11D3-BF4B-00C04F79EFBC}") = "Unity.CollabProxy.Editor", "Unity.CollabProxy.Editor.csproj", "{03fdf508-1376-9df7-8bd7-3dcba5904cab}"
EndProject
Project("{FAE04EC0-301F-11D3-BF4B-00C04F79EFBC}") = "PsdPlugin", "PsdPlugin.csproj", "{f5ecad56-b621-5544-5c3f-b9e6c231e13a}"
EndProject
Project("{FAE04EC0-301F-11D3-BF4B-00C04F79EFBC}") = "Unity.2D.Path.Editor", "Unity.2D.Path.Editor.csproj", "{79c59dc0-dc4a-e596-6d4b-c47ba8bcfe18}"
EndProject
Project("{FAE04EC0-301F-11D3-BF4B-00C04F79EFBC}") = "Unity.Rider.Editor", "Unity.Rider.Editor.csproj", "{5747a770-46be-b60e-d352-c3d07a218952}"
EndProject
Project("{FAE04EC0-301F-11D3-BF4B-00C04F79EFBC}") = "Unity.2D.IK.Editor", "Unity.2D.IK.Editor.csproj", "{6b6c50fe-b0ab-10dd-897e-69097288b860}"
EndProject
Project("{FAE04EC0-301F-11D3-BF4B-00C04F79EFBC}") = "Unity.2D.PixelPerfect.Editor", "Unity.2D.PixelPerfect.Editor.csproj", "{b29584fd-07f4-5fa3-b7e5-87f5456866f4}"
EndProject
Project("{FAE04EC0-301F-11D3-BF4B-00C04F79EFBC}") = "Unity.VSCode.Editor", "Unity.VSCode.Editor.csproj", "{85c66d1b-3fd9-1a21-3368-24dba5435c7c}"
EndProject
Project("{FAE04EC0-301F-11D3-BF4B-00C04F79EFBC}") = "Unity.2D.Common.Editor", "Unity.2D.Common.Editor.csproj", "{0c749888-9e35-cef6-f3b7-0249604cb42e}"
EndProject
Project("{FAE04EC0-301F-11D3-BF4B-00C04F79EFBC}") = "Unity.Mathematics.Editor", "Unity.Mathematics.Editor.csproj", "{c7326341-00e9-9b38-caad-abb4e8d2c802}"
EndProject
Project("{FAE04EC0-301F-11D3-BF4B-00C04F79EFBC}") = "Unity.InternalAPIEditorBridge.001", "Unity.InternalAPIEditorBridge.001.csproj", "{10d9df15-a858-01cf-503b-932c6c867b0a}"
EndProject
Global
	GlobalSection(SolutionConfigurationPlatforms) = preSolution
		Debug|Any CPU = Debug|Any CPU
	EndGlobalSection
	GlobalSection(ProjectConfigurationPlatforms) = postSolution
		{147cdcef-1e5a-faca-c56f-449a39348eb4}.Debug|Any CPU.ActiveCfg = Debug|Any CPU
		{147cdcef-1e5a-faca-c56f-449a39348eb4}.Debug|Any CPU.Build.0 = Debug|Any CPU
		{8bdbb842-145e-3c8e-88fe-296d6c4fa6c0}.Debug|Any CPU.ActiveCfg = Debug|Any CPU
		{8bdbb842-145e-3c8e-88fe-296d6c4fa6c0}.Debug|Any CPU.Build.0 = Debug|Any CPU
		{2ee8dd33-e683-714d-406b-a8543dddaf66}.Debug|Any CPU.ActiveCfg = Debug|Any CPU
		{2ee8dd33-e683-714d-406b-a8543dddaf66}.Debug|Any CPU.Build.0 = Debug|Any CPU
		{48d92e0d-5250-9d39-e5f2-d959c63c375f}.Debug|Any CPU.ActiveCfg = Debug|Any CPU
		{48d92e0d-5250-9d39-e5f2-d959c63c375f}.Debug|Any CPU.Build.0 = Debug|Any CPU
		{f76b160f-4ecb-affc-b649-0a939c344adb}.Debug|Any CPU.ActiveCfg = Debug|Any CPU
		{f76b160f-4ecb-affc-b649-0a939c344adb}.Debug|Any CPU.Build.0 = Debug|Any CPU
		{f6831ef8-5046-710a-747a-fc3300d291e6}.Debug|Any CPU.ActiveCfg = Debug|Any CPU
		{f6831ef8-5046-710a-747a-fc3300d291e6}.Debug|Any CPU.Build.0 = Debug|Any CPU
		{2226eb16-9cbc-6d1d-09a4-0b4f6d0f4c83}.Debug|Any CPU.ActiveCfg = Debug|Any CPU
		{2226eb16-9cbc-6d1d-09a4-0b4f6d0f4c83}.Debug|Any CPU.Build.0 = Debug|Any CPU
		{6dfa7dc6-903a-3650-544f-ab735b5a9b26}.Debug|Any CPU.ActiveCfg = Debug|Any CPU
		{6dfa7dc6-903a-3650-544f-ab735b5a9b26}.Debug|Any CPU.Build.0 = Debug|Any CPU
		{7fd9239d-1318-ecc0-d7ea-01ff435644e0}.Debug|Any CPU.ActiveCfg = Debug|Any CPU
		{7fd9239d-1318-ecc0-d7ea-01ff435644e0}.Debug|Any CPU.Build.0 = Debug|Any CPU
		{e201d026-2fb7-043d-6901-ef9ff801f60f}.Debug|Any CPU.ActiveCfg = Debug|Any CPU
		{e201d026-2fb7-043d-6901-ef9ff801f60f}.Debug|Any CPU.Build.0 = Debug|Any CPU
		{f0dc82e2-5779-9bd8-bed0-4a11a11fd49e}.Debug|Any CPU.ActiveCfg = Debug|Any CPU
		{f0dc82e2-5779-9bd8-bed0-4a11a11fd49e}.Debug|Any CPU.Build.0 = Debug|Any CPU
		{ab3a81eb-a7de-8cb9-912a-cd0aba7a472c}.Debug|Any CPU.ActiveCfg = Debug|Any CPU
		{ab3a81eb-a7de-8cb9-912a-cd0aba7a472c}.Debug|Any CPU.Build.0 = Debug|Any CPU
		{16bfeb0d-1fb2-a446-c51a-36021ed49918}.Debug|Any CPU.ActiveCfg = Debug|Any CPU
		{16bfeb0d-1fb2-a446-c51a-36021ed49918}.Debug|Any CPU.Build.0 = Debug|Any CPU
		{7956f88e-4352-19d6-835e-691f582439e1}.Debug|Any CPU.ActiveCfg = Debug|Any CPU
		{7956f88e-4352-19d6-835e-691f582439e1}.Debug|Any CPU.Build.0 = Debug|Any CPU
		{5332283e-6d2f-1e0f-8b8e-33538a75c58a}.Debug|Any CPU.ActiveCfg = Debug|Any CPU
		{5332283e-6d2f-1e0f-8b8e-33538a75c58a}.Debug|Any CPU.Build.0 = Debug|Any CPU
		{7826a315-2c53-bc5b-a6aa-f80b3b7910d9}.Debug|Any CPU.ActiveCfg = Debug|Any CPU
		{7826a315-2c53-bc5b-a6aa-f80b3b7910d9}.Debug|Any CPU.Build.0 = Debug|Any CPU
		{b420f9ef-116e-da66-7046-f6ac0e9c3c6d}.Debug|Any CPU.ActiveCfg = Debug|Any CPU
		{b420f9ef-116e-da66-7046-f6ac0e9c3c6d}.Debug|Any CPU.Build.0 = Debug|Any CPU
		{758728e9-6b6e-aa70-4583-cdefb7a18be5}.Debug|Any CPU.ActiveCfg = Debug|Any CPU
		{758728e9-6b6e-aa70-4583-cdefb7a18be5}.Debug|Any CPU.Build.0 = Debug|Any CPU
		{d4eb3295-70a7-deda-5215-731ae1d28b61}.Debug|Any CPU.ActiveCfg = Debug|Any CPU
		{d4eb3295-70a7-deda-5215-731ae1d28b61}.Debug|Any CPU.Build.0 = Debug|Any CPU
		{24b88680-1728-4799-39da-f43ad4ccdd1a}.Debug|Any CPU.ActiveCfg = Debug|Any CPU
		{24b88680-1728-4799-39da-f43ad4ccdd1a}.Debug|Any CPU.Build.0 = Debug|Any CPU
		{03fdf508-1376-9df7-8bd7-3dcba5904cab}.Debug|Any CPU.ActiveCfg = Debug|Any CPU
		{03fdf508-1376-9df7-8bd7-3dcba5904cab}.Debug|Any CPU.Build.0 = Debug|Any CPU
		{f5ecad56-b621-5544-5c3f-b9e6c231e13a}.Debug|Any CPU.ActiveCfg = Debug|Any CPU
		{f5ecad56-b621-5544-5c3f-b9e6c231e13a}.Debug|Any CPU.Build.0 = Debug|Any CPU
		{79c59dc0-dc4a-e596-6d4b-c47ba8bcfe18}.Debug|Any CPU.ActiveCfg = Debug|Any CPU
		{79c59dc0-dc4a-e596-6d4b-c47ba8bcfe18}.Debug|Any CPU.Build.0 = Debug|Any CPU
		{5747a770-46be-b60e-d352-c3d07a218952}.Debug|Any CPU.ActiveCfg = Debug|Any CPU
		{5747a770-46be-b60e-d352-c3d07a218952}.Debug|Any CPU.Build.0 = Debug|Any CPU
		{6b6c50fe-b0ab-10dd-897e-69097288b860}.Debug|Any CPU.ActiveCfg = Debug|Any CPU
		{6b6c50fe-b0ab-10dd-897e-69097288b860}.Debug|Any CPU.Build.0 = Debug|Any CPU
		{b29584fd-07f4-5fa3-b7e5-87f5456866f4}.Debug|Any CPU.ActiveCfg = Debug|Any CPU
		{b29584fd-07f4-5fa3-b7e5-87f5456866f4}.Debug|Any CPU.Build.0 = Debug|Any CPU
		{85c66d1b-3fd9-1a21-3368-24dba5435c7c}.Debug|Any CPU.ActiveCfg = Debug|Any CPU
		{85c66d1b-3fd9-1a21-3368-24dba5435c7c}.Debug|Any CPU.Build.0 = Debug|Any CPU
		{0c749888-9e35-cef6-f3b7-0249604cb42e}.Debug|Any CPU.ActiveCfg = Debug|Any CPU
		{0c749888-9e35-cef6-f3b7-0249604cb42e}.Debug|Any CPU.Build.0 = Debug|Any CPU
		{c7326341-00e9-9b38-caad-abb4e8d2c802}.Debug|Any CPU.ActiveCfg = Debug|Any CPU
		{c7326341-00e9-9b38-caad-abb4e8d2c802}.Debug|Any CPU.Build.0 = Debug|Any CPU
		{10d9df15-a858-01cf-503b-932c6c867b0a}.Debug|Any CPU.ActiveCfg = Debug|Any CPU
		{10d9df15-a858-01cf-503b-932c6c867b0a}.Debug|Any CPU.Build.0 = Debug|Any CPU
	EndGlobalSection
	GlobalSection(SolutionProperties) = preSolution
		HideSolutionNode = FALSE
	EndGlobalSection
EndGlobal
